
Microsoft Visual Studio Solution File, Format Version 12.00
# Visual Studio Version 16
VisualStudioVersion = 16.0.29709.97
MinimumVisualStudioVersion = 10.0.40219.1
Project("{8BC9CEB8-8B4A-11D0-8D11-00A0C91BC942}") = "Tenacious_Tetris", "Tenacious_Tetris\Tenacious_Tetris.vcxproj", "{A7D2003F-BE5F-4652-BB5B-30CFF48BA757}"
EndProject
Global
	GlobalSection(SolutionConfigurationPlatforms) = preSolution
		Debug|x64 = Debug|x64
		Debug|x86 = Debug|x86
		Release|x64 = Release|x64
		Release|x86 = Release|x86
	EndGlobalSection
	GlobalSection(ProjectConfigurationPlatforms) = postSolution
		{A7D2003F-BE5F-4652-BB5B-30CFF48BA757}.Debug|x64.ActiveCfg = Debug|x64
		{A7D2003F-BE5F-4652-BB5B-30CFF48BA757}.Debug|x64.Build.0 = Debug|x64
		{A7D2003F-BE5F-4652-BB5B-30CFF48BA757}.Debug|x86.ActiveCfg = Debug|Win32
		{A7D2003F-BE5F-4652-BB5B-30CFF48BA757}.Debug|x86.Build.0 = Debug|Win32
		{A7D2003F-BE5F-4652-BB5B-30CFF48BA757}.Release|x64.ActiveCfg = Release|x64
		{A7D2003F-BE5F-4652-BB5B-30CFF48BA757}.Release|x64.Build.0 = Release|x64
		{A7D2003F-BE5F-4652-BB5B-30CFF48BA757}.Release|x86.ActiveCfg = Release|Win32
		{A7D2003F-BE5F-4652-BB5B-30CFF48BA757}.Release|x86.Build.0 = Release|Win32
	EndGlobalSection
	GlobalSection(SolutionProperties) = preSolution
		HideSolutionNode = FALSE
	EndGlobalSection
	GlobalSection(ExtensibilityGlobals) = postSolution
		SolutionGuid = {B46EC6A1-CDC5-4ED7-8256-7988BEE10138}
	EndGlobalSection
EndGlobal
